// !$*UTF8*$!
{
	archiveVersion = 1;
	classes = {
	};
	objectVersion = 55;
	objects = {

/* Begin PBXBuildFile section */
		D468C783283CFFE400FEAE68 /* Network.swift in Sources */ = {isa = PBXBuildFile; fileRef = D468C782283CFFE400FEAE68 /* Network.swift */; };
		D468C785283D000900FEAE68 /* Router.swift in Sources */ = {isa = PBXBuildFile; fileRef = D468C784283D000900FEAE68 /* Router.swift */; };
		D468C787283D07F300FEAE68 /* Api.swift in Sources */ = {isa = PBXBuildFile; fileRef = D468C786283D07F300FEAE68 /* Api.swift */; };
		D468C789283D091D00FEAE68 /* NetworkManager.swift in Sources */ = {isa = PBXBuildFile; fileRef = D468C788283D091D00FEAE68 /* NetworkManager.swift */; };
		D468C78B283D094800FEAE68 /* YouTubeModel.swift in Sources */ = {isa = PBXBuildFile; fileRef = D468C78A283D094800FEAE68 /* YouTubeModel.swift */; };
		D4FDC1F52836678100F8F244 /* AppDelegate.swift in Sources */ = {isa = PBXBuildFile; fileRef = D4FDC1F42836678100F8F244 /* AppDelegate.swift */; };
		D4FDC1F72836678100F8F244 /* SceneDelegate.swift in Sources */ = {isa = PBXBuildFile; fileRef = D4FDC1F62836678100F8F244 /* SceneDelegate.swift */; };
		D4FDC1F92836678100F8F244 /* Firstflow.swift in Sources */ = {isa = PBXBuildFile; fileRef = D4FDC1F82836678100F8F244 /* Firstflow.swift */; };
		D4FDC1FC2836678100F8F244 /* Main.storyboard in Resources */ = {isa = PBXBuildFile; fileRef = D4FDC1FA2836678100F8F244 /* Main.storyboard */; };
		D4FDC1FE2836678300F8F244 /* Assets.xcassets in Resources */ = {isa = PBXBuildFile; fileRef = D4FDC1FD2836678300F8F244 /* Assets.xcassets */; };
		D4FDC2012836678300F8F244 /* LaunchScreen.storyboard in Resources */ = {isa = PBXBuildFile; fileRef = D4FDC1FF2836678300F8F244 /* LaunchScreen.storyboard */; };
		D4FDC20D2836A66300F8F244 /* DetailFlowVC.swift in Sources */ = {isa = PBXBuildFile; fileRef = D4FDC20C2836A66300F8F244 /* DetailFlowVC.swift */; };
		D4FDC20F2836A67400F8F244 /* DetailFlow.storyboard in Resources */ = {isa = PBXBuildFile; fileRef = D4FDC20E2836A67400F8F244 /* DetailFlow.storyboard */; };
		D4FDC2112836A6DD00F8F244 /* ExplanationFlow.storyboard in Resources */ = {isa = PBXBuildFile; fileRef = D4FDC2102836A6DD00F8F244 /* ExplanationFlow.storyboard */; };
		D4FDC2132836A6F700F8F244 /* ExplanationFlowVc.swift in Sources */ = {isa = PBXBuildFile; fileRef = D4FDC2122836A6F700F8F244 /* ExplanationFlowVc.swift */; };
		D4FDC21C2836A99C00F8F244 /* DetailFlowCell.swift in Sources */ = {isa = PBXBuildFile; fileRef = D4FDC21A2836A99C00F8F244 /* DetailFlowCell.swift */; };
		D4FDC21D2836A99C00F8F244 /* DetailFlowCell.xib in Resources */ = {isa = PBXBuildFile; fileRef = D4FDC21B2836A99C00F8F244 /* DetailFlowCell.xib */; };
		D4FDC21F2836AABA00F8F244 /* Stroyboard+Extension.swift in Sources */ = {isa = PBXBuildFile; fileRef = D4FDC21E2836AABA00F8F244 /* Stroyboard+Extension.swift */; };
/* End PBXBuildFile section */

/* Begin PBXFileReference section */
		D468C782283CFFE400FEAE68 /* Network.swift */ = {isa = PBXFileReference; lastKnownFileType = sourcecode.swift; path = Network.swift; sourceTree = "<group>"; };
		D468C784283D000900FEAE68 /* Router.swift */ = {isa = PBXFileReference; lastKnownFileType = sourcecode.swift; path = Router.swift; sourceTree = "<group>"; };
		D468C786283D07F300FEAE68 /* Api.swift */ = {isa = PBXFileReference; lastKnownFileType = sourcecode.swift; path = Api.swift; sourceTree = "<group>"; };
		D468C788283D091D00FEAE68 /* NetworkManager.swift */ = {isa = PBXFileReference; lastKnownFileType = sourcecode.swift; path = NetworkManager.swift; sourceTree = "<group>"; };
		D468C78A283D094800FEAE68 /* YouTubeModel.swift */ = {isa = PBXFileReference; lastKnownFileType = sourcecode.swift; path = YouTubeModel.swift; sourceTree = "<group>"; };
		D4FDC1F12836678100F8F244 /* HowToBecomeAYoutuber.app */ = {isa = PBXFileReference; explicitFileType = wrapper.application; includeInIndex = 0; path = HowToBecomeAYoutuber.app; sourceTree = BUILT_PRODUCTS_DIR; };
		D4FDC1F42836678100F8F244 /* AppDelegate.swift */ = {isa = PBXFileReference; lastKnownFileType = sourcecode.swift; path = AppDelegate.swift; sourceTree = "<group>"; };
		D4FDC1F62836678100F8F244 /* SceneDelegate.swift */ = {isa = PBXFileReference; lastKnownFileType = sourcecode.swift; path = SceneDelegate.swift; sourceTree = "<group>"; };
		D4FDC1F82836678100F8F244 /* Firstflow.swift */ = {isa = PBXFileReference; lastKnownFileType = sourcecode.swift; path = Firstflow.swift; sourceTree = "<group>"; };
		D4FDC1FB2836678100F8F244 /* Base */ = {isa = PBXFileReference; lastKnownFileType = file.storyboard; name = Base; path = Base.lproj/Main.storyboard; sourceTree = "<group>"; };
		D4FDC1FD2836678300F8F244 /* Assets.xcassets */ = {isa = PBXFileReference; lastKnownFileType = folder.assetcatalog; path = Assets.xcassets; sourceTree = "<group>"; };
		D4FDC2002836678300F8F244 /* Base */ = {isa = PBXFileReference; lastKnownFileType = file.storyboard; name = Base; path = Base.lproj/LaunchScreen.storyboard; sourceTree = "<group>"; };
		D4FDC2022836678300F8F244 /* Info.plist */ = {isa = PBXFileReference; lastKnownFileType = text.plist.xml; path = Info.plist; sourceTree = "<group>"; };
		D4FDC20C2836A66300F8F244 /* DetailFlowVC.swift */ = {isa = PBXFileReference; lastKnownFileType = sourcecode.swift; path = DetailFlowVC.swift; sourceTree = "<group>"; };
		D4FDC20E2836A67400F8F244 /* DetailFlow.storyboard */ = {isa = PBXFileReference; lastKnownFileType = file.storyboard; path = DetailFlow.storyboard; sourceTree = "<group>"; };
		D4FDC2102836A6DD00F8F244 /* ExplanationFlow.storyboard */ = {isa = PBXFileReference; lastKnownFileType = file.storyboard; path = ExplanationFlow.storyboard; sourceTree = "<group>"; };
		D4FDC2122836A6F700F8F244 /* ExplanationFlowVc.swift */ = {isa = PBXFileReference; lastKnownFileType = sourcecode.swift; path = ExplanationFlowVc.swift; sourceTree = "<group>"; };
		D4FDC21A2836A99C00F8F244 /* DetailFlowCell.swift */ = {isa = PBXFileReference; lastKnownFileType = sourcecode.swift; path = DetailFlowCell.swift; sourceTree = "<group>"; };
		D4FDC21B2836A99C00F8F244 /* DetailFlowCell.xib */ = {isa = PBXFileReference; lastKnownFileType = file.xib; path = DetailFlowCell.xib; sourceTree = "<group>"; };
		D4FDC21E2836AABA00F8F244 /* Stroyboard+Extension.swift */ = {isa = PBXFileReference; lastKnownFileType = sourcecode.swift; path = "Stroyboard+Extension.swift"; sourceTree = "<group>"; };
/* End PBXFileReference section */

/* Begin PBXFrameworksBuildPhase section */
		D4FDC1EE2836678100F8F244 /* Frameworks */ = {
			isa = PBXFrameworksBuildPhase;
			buildActionMask = 2147483647;
			files = (
			);
			runOnlyForDeploymentPostprocessing = 0;
		};
/* End PBXFrameworksBuildPhase section */

/* Begin PBXGroup section */
		D4FDC1E82836678100F8F244 = {
			isa = PBXGroup;
			children = (
				D4FDC1F32836678100F8F244 /* HowToBecomeAYoutuber */,
				D4FDC1F22836678100F8F244 /* Products */,
			);
			sourceTree = "<group>";
		};
		D4FDC1F22836678100F8F244 /* Products */ = {
			isa = PBXGroup;
			children = (
				D4FDC1F12836678100F8F244 /* HowToBecomeAYoutuber.app */,
			);
			name = Products;
			sourceTree = "<group>";
		};
		D4FDC1F32836678100F8F244 /* HowToBecomeAYoutuber */ = {
			isa = PBXGroup;
			children = (
				D4FDC2192836A89000F8F244 /* Commons */,
				D4FDC2172836A83A00F8F244 /* Extension */,
				D4FDC2082836A31100F8F244 /* Scenes */,
				D4FDC2152836A81300F8F244 /* Model */,
				D4FDC1FF2836678300F8F244 /* LaunchScreen.storyboard */,
				D4FDC1FD2836678300F8F244 /* Assets.xcassets */,
				D4FDC1F62836678100F8F244 /* SceneDelegate.swift */,
				D4FDC1F42836678100F8F244 /* AppDelegate.swift */,
				D4FDC2022836678300F8F244 /* Info.plist */,
			);
			path = HowToBecomeAYoutuber;
			sourceTree = "<group>";
		};
		D4FDC2082836A31100F8F244 /* Scenes */ = {
			isa = PBXGroup;
			children = (
				D4FDC20A2836A5FC00F8F244 /* FirstFlow */,
				D4FDC2092836A5E900F8F244 /* DetailFlow */,
				D4FDC20B2836A60E00F8F244 /* ExplanationFlow */,
			);
			path = Scenes;
			sourceTree = "<group>";
		};
		D4FDC2092836A5E900F8F244 /* DetailFlow */ = {
			isa = PBXGroup;
			children = (
				D4FDC20E2836A67400F8F244 /* DetailFlow.storyboard */,
				D4FDC20C2836A66300F8F244 /* DetailFlowVC.swift */,
			);
			path = DetailFlow;
			sourceTree = "<group>";
		};
		D4FDC20A2836A5FC00F8F244 /* FirstFlow */ = {
			isa = PBXGroup;
			children = (
				D4FDC1FA2836678100F8F244 /* Main.storyboard */,
				D4FDC1F82836678100F8F244 /* Firstflow.swift */,
			);
			path = FirstFlow;
			sourceTree = "<group>";
		};
		D4FDC20B2836A60E00F8F244 /* ExplanationFlow */ = {
			isa = PBXGroup;
			children = (
				D4FDC2102836A6DD00F8F244 /* ExplanationFlow.storyboard */,
				D4FDC2122836A6F700F8F244 /* ExplanationFlowVc.swift */,
			);
			path = ExplanationFlow;
			sourceTree = "<group>";
		};
		D4FDC2142836A77300F8F244 /* Router */ = {
			isa = PBXGroup;
			children = (
				D468C784283D000900FEAE68 /* Router.swift */,
			);
			path = Router;
			sourceTree = "<group>";
		};
		D4FDC2152836A81300F8F244 /* Model */ = {
			isa = PBXGroup;
			children = (
				D468C78A283D094800FEAE68 /* YouTubeModel.swift */,
			);
			path = Model;
			sourceTree = "<group>";
		};
		D4FDC2162836A82C00F8F244 /* Network */ = {
			isa = PBXGroup;
			children = (
				D468C782283CFFE400FEAE68 /* Network.swift */,
				D468C786283D07F300FEAE68 /* Api.swift */,
				D468C788283D091D00FEAE68 /* NetworkManager.swift */,
			);
			path = Network;
			sourceTree = "<group>";
		};
		D4FDC2172836A83A00F8F244 /* Extension */ = {
			isa = PBXGroup;
			children = (
				D4FDC21E2836AABA00F8F244 /* Stroyboard+Extension.swift */,
			);
			path = Extension;
			sourceTree = "<group>";
		};
		D4FDC2182836A85600F8F244 /* Cell */ = {
			isa = PBXGroup;
			children = (
				D4FDC21B2836A99C00F8F244 /* DetailFlowCell.xib */,
				D4FDC21A2836A99C00F8F244 /* DetailFlowCell.swift */,
			);
			path = Cell;
			sourceTree = "<group>";
		};
		D4FDC2192836A89000F8F244 /* Commons */ = {
			isa = PBXGroup;
			children = (
				D4FDC2162836A82C00F8F244 /* Network */,
				D4FDC2142836A77300F8F244 /* Router */,
				D4FDC2182836A85600F8F244 /* Cell */,
			);
			path = Commons;
			sourceTree = "<group>";
		};
/* End PBXGroup section */

/* Begin PBXNativeTarget section */
		D4FDC1F02836678100F8F244 /* HowToBecomeAYoutuber */ = {
			isa = PBXNativeTarget;
			buildConfigurationList = D4FDC2052836678300F8F244 /* Build configuration list for PBXNativeTarget "HowToBecomeAYoutuber" */;
			buildPhases = (
				D4FDC1ED2836678100F8F244 /* Sources */,
				D4FDC1EE2836678100F8F244 /* Frameworks */,
				D4FDC1EF2836678100F8F244 /* Resources */,
			);
			buildRules = (
			);
			dependencies = (
			);
			name = HowToBecomeAYoutuber;
			productName = HowToBecomeAYoutuber;
			productReference = D4FDC1F12836678100F8F244 /* HowToBecomeAYoutuber.app */;
			productType = "com.apple.product-type.application";
		};
/* End PBXNativeTarget section */

/* Begin PBXProject section */
		D4FDC1E92836678100F8F244 /* Project object */ = {
			isa = PBXProject;
			attributes = {
				BuildIndependentTargetsInParallel = 1;
				LastSwiftUpdateCheck = 1330;
				LastUpgradeCheck = 1330;
				TargetAttributes = {
					D4FDC1F02836678100F8F244 = {
						CreatedOnToolsVersion = 13.3;
					};
				};
			};
			buildConfigurationList = D4FDC1EC2836678100F8F244 /* Build configuration list for PBXProject "HowToBecomeAYoutuber" */;
			compatibilityVersion = "Xcode 13.0";
			developmentRegion = en;
			hasScannedForEncodings = 0;
			knownRegions = (
				en,
				Base,
			);
			mainGroup = D4FDC1E82836678100F8F244;
			productRefGroup = D4FDC1F22836678100F8F244 /* Products */;
			projectDirPath = "";
			projectRoot = "";
			targets = (
				D4FDC1F02836678100F8F244 /* HowToBecomeAYoutuber */,
			);
		};
/* End PBXProject section */

/* Begin PBXResourcesBuildPhase section */
		D4FDC1EF2836678100F8F244 /* Resources */ = {
			isa = PBXResourcesBuildPhase;
			buildActionMask = 2147483647;
			files = (
				D4FDC2112836A6DD00F8F244 /* ExplanationFlow.storyboard in Resources */,
				D4FDC2012836678300F8F244 /* LaunchScreen.storyboard in Resources */,
				D4FDC21D2836A99C00F8F244 /* DetailFlowCell.xib in Resources */,
				D4FDC1FE2836678300F8F244 /* Assets.xcassets in Resources */,
				D4FDC1FC2836678100F8F244 /* Main.storyboard in Resources */,
				D4FDC20F2836A67400F8F244 /* DetailFlow.storyboard in Resources */,
			);
			runOnlyForDeploymentPostprocessing = 0;
		};
/* End PBXResourcesBuildPhase section */

/* Begin PBXSourcesBuildPhase section */
		D4FDC1ED2836678100F8F244 /* Sources */ = {
			isa = PBXSourcesBuildPhase;
			buildActionMask = 2147483647;
			files = (
				D4FDC21F2836AABA00F8F244 /* Stroyboard+Extension.swift in Sources */,
				D4FDC21C2836A99C00F8F244 /* DetailFlowCell.swift in Sources */,
				D468C783283CFFE400FEAE68 /* Network.swift in Sources */,
				D4FDC2132836A6F700F8F244 /* ExplanationFlowVc.swift in Sources */,
				D468C789283D091D00FEAE68 /* NetworkManager.swift in Sources */,
				D468C785283D000900FEAE68 /* Router.swift in Sources */,
				D4FDC1F92836678100F8F244 /* Firstflow.swift in Sources */,
				D468C78B283D094800FEAE68 /* YouTubeModel.swift in Sources */,
				D4FDC1F52836678100F8F244 /* AppDelegate.swift in Sources */,
				D4FDC20D2836A66300F8F244 /* DetailFlowVC.swift in Sources */,
				D468C787283D07F300FEAE68 /* Api.swift in Sources */,
				D4FDC1F72836678100F8F244 /* SceneDelegate.swift in Sources */,
			);
			runOnlyForDeploymentPostprocessing = 0;
		};
/* End PBXSourcesBuildPhase section */

/* Begin PBXVariantGroup section */
		D4FDC1FA2836678100F8F244 /* Main.storyboard */ = {
			isa = PBXVariantGroup;
			children = (
				D4FDC1FB2836678100F8F244 /* Base */,
			);
			name = Main.storyboard;
			sourceTree = "<group>";
		};
		D4FDC1FF2836678300F8F244 /* LaunchScreen.storyboard */ = {
			isa = PBXVariantGroup;
			children = (
				D4FDC2002836678300F8F244 /* Base */,
			);
			name = LaunchScreen.storyboard;
			sourceTree = "<group>";
		};
/* End PBXVariantGroup section */

/* Begin XCBuildConfiguration section */
		D4FDC2032836678300F8F244 /* Debug */ = {
			isa = XCBuildConfiguration;
			buildSettings = {
				ALWAYS_SEARCH_USER_PATHS = NO;
				CLANG_ANALYZER_NONNULL = YES;
				CLANG_ANALYZER_NUMBER_OBJECT_CONVERSION = YES_AGGRESSIVE;
				CLANG_CXX_LANGUAGE_STANDARD = "gnu++17";
				CLANG_ENABLE_MODULES = YES;
				CLANG_ENABLE_OBJC_ARC = YES;
				CLANG_ENABLE_OBJC_WEAK = YES;
				CLANG_WARN_BLOCK_CAPTURE_AUTORELEASING = YES;
				CLANG_WARN_BOOL_CONVERSION = YES;
				CLANG_WARN_COMMA = YES;
				CLANG_WARN_CONSTANT_CONVERSION = YES;
				CLANG_WARN_DEPRECATED_OBJC_IMPLEMENTATIONS = YES;
				CLANG_WARN_DIRECT_OBJC_ISA_USAGE = YES_ERROR;
				CLANG_WARN_DOCUMENTATION_COMMENTS = YES;
				CLANG_WARN_EMPTY_BODY = YES;
				CLANG_WARN_ENUM_CONVERSION = YES;
				CLANG_WARN_INFINITE_RECURSION = YES;
				CLANG_WARN_INT_CONVERSION = YES;
				CLANG_WARN_NON_LITERAL_NULL_CONVERSION = YES;
				CLANG_WARN_OBJC_IMPLICIT_RETAIN_SELF = YES;
				CLANG_WARN_OBJC_LITERAL_CONVERSION = YES;
				CLANG_WARN_OBJC_ROOT_CLASS = YES_ERROR;
				CLANG_WARN_QUOTED_INCLUDE_IN_FRAMEWORK_HEADER = YES;
				CLANG_WARN_RANGE_LOOP_ANALYSIS = YES;
				CLANG_WARN_STRICT_PROTOTYPES = YES;
				CLANG_WARN_SUSPICIOUS_MOVE = YES;
				CLANG_WARN_UNGUARDED_AVAILABILITY = YES_AGGRESSIVE;
				CLANG_WARN_UNREACHABLE_CODE = YES;
				CLANG_WARN__DUPLICATE_METHOD_MATCH = YES;
				COPY_PHASE_STRIP = NO;
				DEBUG_INFORMATION_FORMAT = dwarf;
				ENABLE_STRICT_OBJC_MSGSEND = YES;
				ENABLE_TESTABILITY = YES;
				GCC_C_LANGUAGE_STANDARD = gnu11;
				GCC_DYNAMIC_NO_PIC = NO;
				GCC_NO_COMMON_BLOCKS = YES;
				GCC_OPTIMIZATION_LEVEL = 0;
				GCC_PREPROCESSOR_DEFINITIONS = (
					"DEBUG=1",
					"$(inherited)",
				);
				GCC_WARN_64_TO_32_BIT_CONVERSION = YES;
				GCC_WARN_ABOUT_RETURN_TYPE = YES_ERROR;
				GCC_WARN_UNDECLARED_SELECTOR = YES;
				GCC_WARN_UNINITIALIZED_AUTOS = YES_AGGRESSIVE;
				GCC_WARN_UNUSED_FUNCTION = YES;
				GCC_WARN_UNUSED_VARIABLE = YES;
				IPHONEOS_DEPLOYMENT_TARGET = 15.4;
				MTL_ENABLE_DEBUG_INFO = INCLUDE_SOURCE;
				MTL_FAST_MATH = YES;
				ONLY_ACTIVE_ARCH = YES;
				SDKROOT = iphoneos;
				SWIFT_ACTIVE_COMPILATION_CONDITIONS = DEBUG;
				SWIFT_OPTIMIZATION_LEVEL = "-Onone";
			};
			name = Debug;
		};
		D4FDC2042836678300F8F244 /* Release */ = {
			isa = XCBuildConfiguration;
			buildSettings = {
				ALWAYS_SEARCH_USER_PATHS = NO;
				CLANG_ANALYZER_NONNULL = YES;
				CLANG_ANALYZER_NUMBER_OBJECT_CONVERSION = YES_AGGRESSIVE;
				CLANG_CXX_LANGUAGE_STANDARD = "gnu++17";
				CLANG_ENABLE_MODULES = YES;
				CLANG_ENABLE_OBJC_ARC = YES;
				CLANG_ENABLE_OBJC_WEAK = YES;
				CLANG_WARN_BLOCK_CAPTURE_AUTORELEASING = YES;
				CLANG_WARN_BOOL_CONVERSION = YES;
				CLANG_WARN_COMMA = YES;
				CLANG_WARN_CONSTANT_CONVERSION = YES;
				CLANG_WARN_DEPRECATED_OBJC_IMPLEMENTATIONS = YES;
				CLANG_WARN_DIRECT_OBJC_ISA_USAGE = YES_ERROR;
				CLANG_WARN_DOCUMENTATION_COMMENTS = YES;
				CLANG_WARN_EMPTY_BODY = YES;
				CLANG_WARN_ENUM_CONVERSION = YES;
				CLANG_WARN_INFINITE_RECURSION = YES;
				CLANG_WARN_INT_CONVERSION = YES;
				CLANG_WARN_NON_LITERAL_NULL_CONVERSION = YES;
				CLANG_WARN_OBJC_IMPLICIT_RETAIN_SELF = YES;
				CLANG_WARN_OBJC_LITERAL_CONVERSION = YES;
				CLANG_WARN_OBJC_ROOT_CLASS = YES_ERROR;
				CLANG_WARN_QUOTED_INCLUDE_IN_FRAMEWORK_HEADER = YES;
				CLANG_WARN_RANGE_LOOP_ANALYSIS = YES;
				CLANG_WARN_STRICT_PROTOTYPES = YES;
				CLANG_WARN_SUSPICIOUS_MOVE = YES;
				CLANG_WARN_UNGUARDED_AVAILABILITY = YES_AGGRESSIVE;
				CLANG_WARN_UNREACHABLE_CODE = YES;
				CLANG_WARN__DUPLICATE_METHOD_MATCH = YES;
				COPY_PHASE_STRIP = NO;
				DEBUG_INFORMATION_FORMAT = "dwarf-with-dsym";
				ENABLE_NS_ASSERTIONS = NO;
				ENABLE_STRICT_OBJC_MSGSEND = YES;
				GCC_C_LANGUAGE_STANDARD = gnu11;
				GCC_NO_COMMON_BLOCKS = YES;
				GCC_WARN_64_TO_32_BIT_CONVERSION = YES;
				GCC_WARN_ABOUT_RETURN_TYPE = YES_ERROR;
				GCC_WARN_UNDECLARED_SELECTOR = YES;
				GCC_WARN_UNINITIALIZED_AUTOS = YES_AGGRESSIVE;
				GCC_WARN_UNUSED_FUNCTION = YES;
				GCC_WARN_UNUSED_VARIABLE = YES;
				IPHONEOS_DEPLOYMENT_TARGET = 15.4;
				MTL_ENABLE_DEBUG_INFO = NO;
				MTL_FAST_MATH = YES;
				SDKROOT = iphoneos;
				SWIFT_COMPILATION_MODE = wholemodule;
				SWIFT_OPTIMIZATION_LEVEL = "-O";
				VALIDATE_PRODUCT = YES;
			};
			name = Release;
		};
		D4FDC2062836678300F8F244 /* Debug */ = {
			isa = XCBuildConfiguration;
			buildSettings = {
				ASSETCATALOG_COMPILER_APPICON_NAME = AppIcon;
				ASSETCATALOG_COMPILER_GLOBAL_ACCENT_COLOR_NAME = AccentColor;
				CODE_SIGN_STYLE = Automatic;
				CURRENT_PROJECT_VERSION = 1;
				DEVELOPMENT_TEAM = ZUBBCB62N3;
				GENERATE_INFOPLIST_FILE = YES;
				INFOPLIST_FILE = HowToBecomeAYoutuber/Info.plist;
				INFOPLIST_KEY_UIApplicationSupportsIndirectInputEvents = YES;
				INFOPLIST_KEY_UILaunchStoryboardName = LaunchScreen;
				INFOPLIST_KEY_UIMainStoryboardFile = Main;
				INFOPLIST_KEY_UISupportedInterfaceOrientations_iPad = "UIInterfaceOrientationPortrait UIInterfaceOrientationPortraitUpsideDown UIInterfaceOrientationLandscapeLeft UIInterfaceOrientationLandscapeRight";
				INFOPLIST_KEY_UISupportedInterfaceOrientations_iPhone = "UIInterfaceOrientationPortrait UIInterfaceOrientationLandscapeLeft UIInterfaceOrientationLandscapeRight";
				LD_RUNPATH_SEARCH_PATHS = (
					"$(inherited)",
					"@executable_path/Frameworks",
				);
				MARKETING_VERSION = 1.0;
				PRODUCT_BUNDLE_IDENTIFIER = com.salihkir.HowToBecomeAYoutuber;
				PRODUCT_NAME = "$(TARGET_NAME)";
				SWIFT_EMIT_LOC_STRINGS = YES;
				SWIFT_VERSION = 5.0;
				TARGETED_DEVICE_FAMILY = "1,2";
			};
			name = Debug;
		};
		D4FDC2072836678300F8F244 /* Release */ = {
			isa = XCBuildConfiguration;
			buildSettings = {
				ASSETCATALOG_COMPILER_APPICON_NAME = AppIcon;
				ASSETCATALOG_COMPILER_GLOBAL_ACCENT_COLOR_NAME = AccentColor;
				CODE_SIGN_STYLE = Automatic;
				CURRENT_PROJECT_VERSION = 1;
				DEVELOPMENT_TEAM = ZUBBCB62N3;
				GENERATE_INFOPLIST_FILE = YES;
				INFOPLIST_FILE = HowToBecomeAYoutuber/Info.plist;
				INFOPLIST_KEY_UIApplicationSupportsIndirectInputEvents = YES;
				INFOPLIST_KEY_UILaunchStoryboardName = LaunchScreen;
				INFOPLIST_KEY_UIMainStoryboardFile = Main;
				INFOPLIST_KEY_UISupportedInterfaceOrientations_iPad = "UIInterfaceOrientationPortrait UIInterfaceOrientationPortraitUpsideDown UIInterfaceOrientationLandscapeLeft UIInterfaceOrientationLandscapeRight";
				INFOPLIST_KEY_UISupportedInterfaceOrientations_iPhone = "UIInterfaceOrientationPortrait UIInterfaceOrientationLandscapeLeft UIInterfaceOrientationLandscapeRight";
				LD_RUNPATH_SEARCH_PATHS = (
					"$(inherited)",
					"@executable_path/Frameworks",
				);
				MARKETING_VERSION = 1.0;
				PRODUCT_BUNDLE_IDENTIFIER = com.salihkir.HowToBecomeAYoutuber;
				PRODUCT_NAME = "$(TARGET_NAME)";
				SWIFT_EMIT_LOC_STRINGS = YES;
				SWIFT_VERSION = 5.0;
				TARGETED_DEVICE_FAMILY = "1,2";
			};
			name = Release;
		};
/* End XCBuildConfiguration section */

/* Begin XCConfigurationList section */
		D4FDC1EC2836678100F8F244 /* Build configuration list for PBXProject "HowToBecomeAYoutuber" */ = {
			isa = XCConfigurationList;
			buildConfigurations = (
				D4FDC2032836678300F8F244 /* Debug */,
				D4FDC2042836678300F8F244 /* Release */,
			);
			defaultConfigurationIsVisible = 0;
			defaultConfigurationName = Release;
		};
		D4FDC2052836678300F8F244 /* Build configuration list for PBXNativeTarget "HowToBecomeAYoutuber" */ = {
			isa = XCConfigurationList;
			buildConfigurations = (
				D4FDC2062836678300F8F244 /* Debug */,
				D4FDC2072836678300F8F244 /* Release */,
			);
			defaultConfigurationIsVisible = 0;
			defaultConfigurationName = Release;
		};
/* End XCConfigurationList section */
	};
	rootObject = D4FDC1E92836678100F8F244 /* Project object */;
}
